
Microsoft Visual Studio Solution File, Format Version 12.00
# Visual Studio 15
VisualStudioVersion = 15.0.27130.2027
MinimumVisualStudioVersion = 10.0.40219.1
Project("{FAE04EC0-301F-11D3-BF4B-00C04F79EFBC}") = "MusicLover'sGuide", "Music Lover's Guide\MusicLover'sGuide.csproj", "{B432F01F-4049-40BC-B8DE-C74AF5A1CD4F}"
EndProject
Global
	GlobalSection(SolutionConfigurationPlatforms) = preSolution
		Debug|Any CPU = Debug|Any CPU
		Release|Any CPU = Release|Any CPU
	EndGlobalSection
	GlobalSection(ProjectConfigurationPlatforms) = postSolution
		{B432F01F-4049-40BC-B8DE-C74AF5A1CD4F}.Debug|Any CPU.ActiveCfg = Debug|Any CPU
		{B432F01F-4049-40BC-B8DE-C74AF5A1CD4F}.Debug|Any CPU.Build.0 = Debug|Any CPU
		{B432F01F-4049-40BC-B8DE-C74AF5A1CD4F}.Release|Any CPU.ActiveCfg = Release|Any CPU
		{B432F01F-4049-40BC-B8DE-C74AF5A1CD4F}.Release|Any CPU.Build.0 = Release|Any CPU
	EndGlobalSection
	GlobalSection(SolutionProperties) = preSolution
		HideSolutionNode = FALSE
	EndGlobalSection
	GlobalSection(ExtensibilityGlobals) = postSolution
		SolutionGuid = {82FC476E-3869-4BE9-BDB7-BB397888217A}
	EndGlobalSection
EndGlobal
